# This file is generated by running "yarn install" inside your project.
# Manual changes might be lost - proceed with caution!

__metadata:
  version: 6
  cacheKey: 8

"@xmldom/xmldom@npm:^0.8.6":
  version: 0.8.10
  resolution: "@xmldom/xmldom@npm:0.8.10"
  checksum: 4c136aec31fb3b49aaa53b6fcbfe524d02a1dc0d8e17ee35bd3bf35e9ce1344560481cd1efd086ad1a4821541482528672306d5e37cdbd187f33d7fadd3e2cf0
  languageName: node
  linkType: hard

"omni-extension-document_processing@workspace:.":
  version: 0.0.0-use.local
  resolution: "omni-extension-document_processing@workspace:."
  dependencies:
    pdf2json: ^3.0.4
  languageName: unknown
  linkType: soft

"pdf2json@npm:^3.0.4":
  version: 3.0.4
  resolution: "pdf2json@npm:3.0.4"
  dependencies:
    "@xmldom/xmldom": ^0.8.6
  bin:
    pdf2json: bin/pdf2json.js
  checksum: 230de2889e915819000515f389e8907631e13c120f0bd37f05a33278f5865fd8b1a5d9fe03cc862a4dca181afb1bf3665fb8caca5534b030af49d209fd2f321b
  languageName: node
  linkType: hard
